
Microsoft Visual Studio Solution File, Format Version 12.00
# Visual Studio Version 17
VisualStudioVersion = 17.0.31903.59
MinimumVisualStudioVersion = 10.0.40219.1
Project("{FAE04EC0-301F-11D3-BF4B-00C04F79EFBC}") = "Calculadora", "Calculadora\Calculadora.csproj", "{BF7D64EC-3A4D-4184-BDB3-33700D029DCD}"
EndProject
Project("{FAE04EC0-301F-11D3-BF4B-00C04F79EFBC}") = "CalculadoraTestes", "CalculadoraTestes\CalculadoraTestes.csproj", "{6ACB97FC-B2B0-47B0-881C-3EA91083A6A1}"
EndProject
Global
	GlobalSection(SolutionConfigurationPlatforms) = preSolution
		Debug|Any CPU = Debug|Any CPU
		Release|Any CPU = Release|Any CPU
	EndGlobalSection
	GlobalSection(SolutionProperties) = preSolution
		HideSolutionNode = FALSE
	EndGlobalSection
	GlobalSection(ProjectConfigurationPlatforms) = postSolution
		{BF7D64EC-3A4D-4184-BDB3-33700D029DCD}.Debug|Any CPU.ActiveCfg = Debug|Any CPU
		{BF7D64EC-3A4D-4184-BDB3-33700D029DCD}.Debug|Any CPU.Build.0 = Debug|Any CPU
		{BF7D64EC-3A4D-4184-BDB3-33700D029DCD}.Release|Any CPU.ActiveCfg = Release|Any CPU
		{BF7D64EC-3A4D-4184-BDB3-33700D029DCD}.Release|Any CPU.Build.0 = Release|Any CPU
		{6ACB97FC-B2B0-47B0-881C-3EA91083A6A1}.Debug|Any CPU.ActiveCfg = Debug|Any CPU
		{6ACB97FC-B2B0-47B0-881C-3EA91083A6A1}.Debug|Any CPU.Build.0 = Debug|Any CPU
		{6ACB97FC-B2B0-47B0-881C-3EA91083A6A1}.Release|Any CPU.ActiveCfg = Release|Any CPU
		{6ACB97FC-B2B0-47B0-881C-3EA91083A6A1}.Release|Any CPU.Build.0 = Release|Any CPU
	EndGlobalSection
EndGlobal
